
Microsoft Visual Studio Solution File, Format Version 12.00
# Visual Studio Version 16
VisualStudioVersion = 16.0.30907.101
MinimumVisualStudioVersion = 10.0.40219.1
Project("{FAE04EC0-301F-11D3-BF4B-00C04F79EFBC}") = "DataAccess", "DataAccess\DataAccess.csproj", "{6F1052F9-ECCE-4944-B8EA-83D183CA89A5}"
EndProject
Project("{FAE04EC0-301F-11D3-BF4B-00C04F79EFBC}") = "Business", "Business\Business.csproj", "{16A088FB-35A7-4947-9958-199D87C8EA6F}"
EndProject
Project("{FAE04EC0-301F-11D3-BF4B-00C04F79EFBC}") = "Entities", "Entities\Entities.csproj", "{E27BAF83-A90D-4F62-8E3D-B79BBA70618A}"
EndProject
Project("{FAE04EC0-301F-11D3-BF4B-00C04F79EFBC}") = "ConsoleUI", "ConsoleUI\ConsoleUI.csproj", "{1E785D6E-5770-4923-985A-62F1D44289B0}"
EndProject
Global
	GlobalSection(SolutionConfigurationPlatforms) = preSolution
		Debug|Any CPU = Debug|Any CPU
		Release|Any CPU = Release|Any CPU
	EndGlobalSection
	GlobalSection(ProjectConfigurationPlatforms) = postSolution
		{6F1052F9-ECCE-4944-B8EA-83D183CA89A5}.Debug|Any CPU.ActiveCfg = Debug|Any CPU
		{6F1052F9-ECCE-4944-B8EA-83D183CA89A5}.Debug|Any CPU.Build.0 = Debug|Any CPU
		{6F1052F9-ECCE-4944-B8EA-83D183CA89A5}.Release|Any CPU.ActiveCfg = Release|Any CPU
		{6F1052F9-ECCE-4944-B8EA-83D183CA89A5}.Release|Any CPU.Build.0 = Release|Any CPU
		{16A088FB-35A7-4947-9958-199D87C8EA6F}.Debug|Any CPU.ActiveCfg = Debug|Any CPU
		{16A088FB-35A7-4947-9958-199D87C8EA6F}.Debug|Any CPU.Build.0 = Debug|Any CPU
		{16A088FB-35A7-4947-9958-199D87C8EA6F}.Release|Any CPU.ActiveCfg = Release|Any CPU
		{16A088FB-35A7-4947-9958-199D87C8EA6F}.Release|Any CPU.Build.0 = Release|Any CPU
		{E27BAF83-A90D-4F62-8E3D-B79BBA70618A}.Debug|Any CPU.ActiveCfg = Debug|Any CPU
		{E27BAF83-A90D-4F62-8E3D-B79BBA70618A}.Debug|Any CPU.Build.0 = Debug|Any CPU
		{E27BAF83-A90D-4F62-8E3D-B79BBA70618A}.Release|Any CPU.ActiveCfg = Release|Any CPU
		{E27BAF83-A90D-4F62-8E3D-B79BBA70618A}.Release|Any CPU.Build.0 = Release|Any CPU
		{1E785D6E-5770-4923-985A-62F1D44289B0}.Debug|Any CPU.ActiveCfg = Debug|Any CPU
		{1E785D6E-5770-4923-985A-62F1D44289B0}.Debug|Any CPU.Build.0 = Debug|Any CPU
		{1E785D6E-5770-4923-985A-62F1D44289B0}.Release|Any CPU.ActiveCfg = Release|Any CPU
		{1E785D6E-5770-4923-985A-62F1D44289B0}.Release|Any CPU.Build.0 = Release|Any CPU
	EndGlobalSection
	GlobalSection(SolutionProperties) = preSolution
		HideSolutionNode = FALSE
	EndGlobalSection
	GlobalSection(ExtensibilityGlobals) = postSolution
		SolutionGuid = {873C3C7C-E723-4B64-976A-C55BCE6A21A3}
	EndGlobalSection
EndGlobal
